// !$*UTF8*$!
{
	archiveVersion = 1;
	classes = {
	};
	objectVersion = 56;
	objects = {

/* Begin PBXBuildFile section */
		5E0987DF2979E0460057B210 /* IngredientsCell.swift in Sources */ = {isa = PBXBuildFile; fileRef = 5E0987DD2979E0460057B210 /* IngredientsCell.swift */; };
		5E0987E02979E0460057B210 /* IngredientsCell.xib in Resources */ = {isa = PBXBuildFile; fileRef = 5E0987DE2979E0460057B210 /* IngredientsCell.xib */; };
		5E11A36C2978286E00C32076 /* AppDelegate.swift in Sources */ = {isa = PBXBuildFile; fileRef = 5E11A36B2978286E00C32076 /* AppDelegate.swift */; };
		5E11A36E2978286E00C32076 /* SceneDelegate.swift in Sources */ = {isa = PBXBuildFile; fileRef = 5E11A36D2978286E00C32076 /* SceneDelegate.swift */; };
		5E11A3702978286E00C32076 /* IngredientsViewController.swift in Sources */ = {isa = PBXBuildFile; fileRef = 5E11A36F2978286E00C32076 /* IngredientsViewController.swift */; };
		5E11A3732978286E00C32076 /* Main.storyboard in Resources */ = {isa = PBXBuildFile; fileRef = 5E11A3712978286E00C32076 /* Main.storyboard */; };
		5E11A3762978286E00C32076 /* Recipe_App.xcdatamodeld in Sources */ = {isa = PBXBuildFile; fileRef = 5E11A3742978286E00C32076 /* Recipe_App.xcdatamodeld */; };
		5E11A3782978286E00C32076 /* Assets.xcassets in Resources */ = {isa = PBXBuildFile; fileRef = 5E11A3772978286E00C32076 /* Assets.xcassets */; };
		5E11A37B2978286E00C32076 /* LaunchScreen.storyboard in Resources */ = {isa = PBXBuildFile; fileRef = 5E11A3792978286E00C32076 /* LaunchScreen.storyboard */; };
		5E11A384297828DE00C32076 /* DataLoad.swift in Sources */ = {isa = PBXBuildFile; fileRef = 5E11A383297828DE00C32076 /* DataLoad.swift */; };
		5E11A3862978291900C32076 /* Ingredients.swift in Sources */ = {isa = PBXBuildFile; fileRef = 5E11A3852978291900C32076 /* Ingredients.swift */; };
		5E11A3882978292000C32076 /* Recipes.swift in Sources */ = {isa = PBXBuildFile; fileRef = 5E11A3872978292000C32076 /* Recipes.swift */; };
		5E9C4D73297AAC0200900E18 /* db.json in Resources */ = {isa = PBXBuildFile; fileRef = 5E9C4D72297AAC0200900E18 /* db.json */; };
		5E9C4D75297AB74100900E18 /* Extensions.swift in Sources */ = {isa = PBXBuildFile; fileRef = 5E9C4D74297AB74100900E18 /* Extensions.swift */; };
		5E9C4D77297AC41F00900E18 /* CheckBoxButton.swift in Sources */ = {isa = PBXBuildFile; fileRef = 5E9C4D76297AC41F00900E18 /* CheckBoxButton.swift */; };
		5EFC36DA2982CB3F00ADB052 /* CartViewController.swift in Sources */ = {isa = PBXBuildFile; fileRef = 5EFC36D82982CB3F00ADB052 /* CartViewController.swift */; };
/* End PBXBuildFile section */

/* Begin PBXFileReference section */
		5E0987DD2979E0460057B210 /* IngredientsCell.swift */ = {isa = PBXFileReference; lastKnownFileType = sourcecode.swift; path = IngredientsCell.swift; sourceTree = "<group>"; };
		5E0987DE2979E0460057B210 /* IngredientsCell.xib */ = {isa = PBXFileReference; lastKnownFileType = file.xib; path = IngredientsCell.xib; sourceTree = "<group>"; };
		5E11A3682978286E00C32076 /* Recipe-App.app */ = {isa = PBXFileReference; explicitFileType = wrapper.application; includeInIndex = 0; path = "Recipe-App.app"; sourceTree = BUILT_PRODUCTS_DIR; };
		5E11A36B2978286E00C32076 /* AppDelegate.swift */ = {isa = PBXFileReference; lastKnownFileType = sourcecode.swift; path = AppDelegate.swift; sourceTree = "<group>"; };
		5E11A36D2978286E00C32076 /* SceneDelegate.swift */ = {isa = PBXFileReference; lastKnownFileType = sourcecode.swift; path = SceneDelegate.swift; sourceTree = "<group>"; };
		5E11A36F2978286E00C32076 /* IngredientsViewController.swift */ = {isa = PBXFileReference; lastKnownFileType = sourcecode.swift; path = IngredientsViewController.swift; sourceTree = "<group>"; };
		5E11A3722978286E00C32076 /* Base */ = {isa = PBXFileReference; lastKnownFileType = file.storyboard; name = Base; path = Base.lproj/Main.storyboard; sourceTree = "<group>"; };
		5E11A3752978286E00C32076 /* Recipe_App.xcdatamodel */ = {isa = PBXFileReference; lastKnownFileType = wrapper.xcdatamodel; path = Recipe_App.xcdatamodel; sourceTree = "<group>"; };
		5E11A3772978286E00C32076 /* Assets.xcassets */ = {isa = PBXFileReference; lastKnownFileType = folder.assetcatalog; path = Assets.xcassets; sourceTree = "<group>"; };
		5E11A37A2978286E00C32076 /* Base */ = {isa = PBXFileReference; lastKnownFileType = file.storyboard; name = Base; path = Base.lproj/LaunchScreen.storyboard; sourceTree = "<group>"; };
		5E11A37C2978286E00C32076 /* Info.plist */ = {isa = PBXFileReference; lastKnownFileType = text.plist.xml; path = Info.plist; sourceTree = "<group>"; };
		5E11A383297828DE00C32076 /* DataLoad.swift */ = {isa = PBXFileReference; lastKnownFileType = sourcecode.swift; path = DataLoad.swift; sourceTree = "<group>"; };
		5E11A3852978291900C32076 /* Ingredients.swift */ = {isa = PBXFileReference; lastKnownFileType = sourcecode.swift; path = Ingredients.swift; sourceTree = "<group>"; };
		5E11A3872978292000C32076 /* Recipes.swift */ = {isa = PBXFileReference; lastKnownFileType = sourcecode.swift; path = Recipes.swift; sourceTree = "<group>"; };
		5E9C4D72297AAC0200900E18 /* db.json */ = {isa = PBXFileReference; fileEncoding = 4; lastKnownFileType = text.json; name = db.json; path = ../../../../../Desktop/db.json; sourceTree = "<group>"; };
		5E9C4D74297AB74100900E18 /* Extensions.swift */ = {isa = PBXFileReference; lastKnownFileType = sourcecode.swift; path = Extensions.swift; sourceTree = "<group>"; };
		5E9C4D76297AC41F00900E18 /* CheckBoxButton.swift */ = {isa = PBXFileReference; lastKnownFileType = sourcecode.swift; path = CheckBoxButton.swift; sourceTree = "<group>"; };
		5EFC36D82982CB3F00ADB052 /* CartViewController.swift */ = {isa = PBXFileReference; lastKnownFileType = sourcecode.swift; path = CartViewController.swift; sourceTree = "<group>"; };
/* End PBXFileReference section */

/* Begin PBXFrameworksBuildPhase section */
		5E11A3652978286E00C32076 /* Frameworks */ = {
			isa = PBXFrameworksBuildPhase;
			buildActionMask = 2147483647;
			files = (
			);
			runOnlyForDeploymentPostprocessing = 0;
		};
/* End PBXFrameworksBuildPhase section */

/* Begin PBXGroup section */
		5E0987DC2979E0200057B210 /* Cell */ = {
			isa = PBXGroup;
			children = (
				5E0987DD2979E0460057B210 /* IngredientsCell.swift */,
				5E0987DE2979E0460057B210 /* IngredientsCell.xib */,
			);
			path = Cell;
			sourceTree = "<group>";
		};
		5E11A35F2978286E00C32076 = {
			isa = PBXGroup;
			children = (
				5E11A36A2978286E00C32076 /* Recipe-App */,
				5E11A3692978286E00C32076 /* Products */,
			);
			sourceTree = "<group>";
		};
		5E11A3692978286E00C32076 /* Products */ = {
			isa = PBXGroup;
			children = (
				5E11A3682978286E00C32076 /* Recipe-App.app */,
			);
			name = Products;
			sourceTree = "<group>";
		};
		5E11A36A2978286E00C32076 /* Recipe-App */ = {
			isa = PBXGroup;
			children = (
				5E11A36B2978286E00C32076 /* AppDelegate.swift */,
				5E11A36D2978286E00C32076 /* SceneDelegate.swift */,
				5E0987DC2979E0200057B210 /* Cell */,
				5E11A38A29782B8300C32076 /* ViewControllers */,
				5E11A3712978286E00C32076 /* Main.storyboard */,
				5E11A3772978286E00C32076 /* Assets.xcassets */,
				5E11A383297828DE00C32076 /* DataLoad.swift */,
				5E9C4D74297AB74100900E18 /* Extensions.swift */,
				5E9C4D76297AC41F00900E18 /* CheckBoxButton.swift */,
				5E11A3892978292700C32076 /* Models */,
				5E11A3792978286E00C32076 /* LaunchScreen.storyboard */,
				5E9C4D72297AAC0200900E18 /* db.json */,
				5E11A37C2978286E00C32076 /* Info.plist */,
				5E11A3742978286E00C32076 /* Recipe_App.xcdatamodeld */,
			);
			path = "Recipe-App";
			sourceTree = "<group>";
		};
		5E11A3892978292700C32076 /* Models */ = {
			isa = PBXGroup;
			children = (
				5E11A3872978292000C32076 /* Recipes.swift */,
				5E11A3852978291900C32076 /* Ingredients.swift */,
			);
			path = Models;
			sourceTree = "<group>";
		};
		5E11A38A29782B8300C32076 /* ViewControllers */ = {
			isa = PBXGroup;
			children = (
				5E11A36F2978286E00C32076 /* IngredientsViewController.swift */,
				5EFC36D82982CB3F00ADB052 /* CartViewController.swift */,
			);
			path = ViewControllers;
			sourceTree = "<group>";
		};
/* End PBXGroup section */

/* Begin PBXNativeTarget section */
		5E11A3672978286E00C32076 /* Recipe-App */ = {
			isa = PBXNativeTarget;
			buildConfigurationList = 5E11A37F2978286E00C32076 /* Build configuration list for PBXNativeTarget "Recipe-App" */;
			buildPhases = (
				5E11A3642978286E00C32076 /* Sources */,
				5E11A3652978286E00C32076 /* Frameworks */,
				5E11A3662978286E00C32076 /* Resources */,
			);
			buildRules = (
			);
			dependencies = (
			);
			name = "Recipe-App";
			productName = "Recipe-App";
			productReference = 5E11A3682978286E00C32076 /* Recipe-App.app */;
			productType = "com.apple.product-type.application";
		};
/* End PBXNativeTarget section */

/* Begin PBXProject section */
		5E11A3602978286E00C32076 /* Project object */ = {
			isa = PBXProject;
			attributes = {
				BuildIndependentTargetsInParallel = 1;
				LastSwiftUpdateCheck = 1410;
				LastUpgradeCheck = 1410;
				TargetAttributes = {
					5E11A3672978286E00C32076 = {
						CreatedOnToolsVersion = 14.1;
					};
				};
			};
			buildConfigurationList = 5E11A3632978286E00C32076 /* Build configuration list for PBXProject "Recipe-App" */;
			compatibilityVersion = "Xcode 14.0";
			developmentRegion = en;
			hasScannedForEncodings = 0;
			knownRegions = (
				en,
				Base,
			);
			mainGroup = 5E11A35F2978286E00C32076;
			packageReferences = (
			);
			productRefGroup = 5E11A3692978286E00C32076 /* Products */;
			projectDirPath = "";
			projectRoot = "";
			targets = (
				5E11A3672978286E00C32076 /* Recipe-App */,
			);
		};
/* End PBXProject section */

/* Begin PBXResourcesBuildPhase section */
		5E11A3662978286E00C32076 /* Resources */ = {
			isa = PBXResourcesBuildPhase;
			buildActionMask = 2147483647;
			files = (
				5E0987E02979E0460057B210 /* IngredientsCell.xib in Resources */,
				5E11A37B2978286E00C32076 /* LaunchScreen.storyboard in Resources */,
				5E11A3782978286E00C32076 /* Assets.xcassets in Resources */,
				5E9C4D73297AAC0200900E18 /* db.json in Resources */,
				5E11A3732978286E00C32076 /* Main.storyboard in Resources */,
			);
			runOnlyForDeploymentPostprocessing = 0;
		};
/* End PBXResourcesBuildPhase section */

/* Begin PBXSourcesBuildPhase section */
		5E11A3642978286E00C32076 /* Sources */ = {
			isa = PBXSourcesBuildPhase;
			buildActionMask = 2147483647;
			files = (
				5E11A3702978286E00C32076 /* IngredientsViewController.swift in Sources */,
				5E9C4D75297AB74100900E18 /* Extensions.swift in Sources */,
				5E9C4D77297AC41F00900E18 /* CheckBoxButton.swift in Sources */,
				5E11A36C2978286E00C32076 /* AppDelegate.swift in Sources */,
				5E11A3882978292000C32076 /* Recipes.swift in Sources */,
				5E11A36E2978286E00C32076 /* SceneDelegate.swift in Sources */,
				5E0987DF2979E0460057B210 /* IngredientsCell.swift in Sources */,
				5EFC36DA2982CB3F00ADB052 /* CartViewController.swift in Sources */,
				5E11A3762978286E00C32076 /* Recipe_App.xcdatamodeld in Sources */,
				5E11A3862978291900C32076 /* Ingredients.swift in Sources */,
				5E11A384297828DE00C32076 /* DataLoad.swift in Sources */,
			);
			runOnlyForDeploymentPostprocessing = 0;
		};
/* End PBXSourcesBuildPhase section */

/* Begin PBXVariantGroup section */
		5E11A3712978286E00C32076 /* Main.storyboard */ = {
			isa = PBXVariantGroup;
			children = (
				5E11A3722978286E00C32076 /* Base */,
			);
			name = Main.storyboard;
			sourceTree = "<group>";
		};
		5E11A3792978286E00C32076 /* LaunchScreen.storyboard */ = {
			isa = PBXVariantGroup;
			children = (
				5E11A37A2978286E00C32076 /* Base */,
			);
			name = LaunchScreen.storyboard;
			sourceTree = "<group>";
		};
/* End PBXVariantGroup section */

/* Begin XCBuildConfiguration section */
		5E11A37D2978286E00C32076 /* Debug */ = {
			isa = XCBuildConfiguration;
			buildSettings = {
				ALWAYS_SEARCH_USER_PATHS = NO;
				CLANG_ANALYZER_NONNULL = YES;
				CLANG_ANALYZER_NUMBER_OBJECT_CONVERSION = YES_AGGRESSIVE;
				CLANG_CXX_LANGUAGE_STANDARD = "gnu++20";
				CLANG_ENABLE_MODULES = YES;
				CLANG_ENABLE_OBJC_ARC = YES;
				CLANG_ENABLE_OBJC_WEAK = YES;
				CLANG_WARN_BLOCK_CAPTURE_AUTORELEASING = YES;
				CLANG_WARN_BOOL_CONVERSION = YES;
				CLANG_WARN_COMMA = YES;
				CLANG_WARN_CONSTANT_CONVERSION = YES;
				CLANG_WARN_DEPRECATED_OBJC_IMPLEMENTATIONS = YES;
				CLANG_WARN_DIRECT_OBJC_ISA_USAGE = YES_ERROR;
				CLANG_WARN_DOCUMENTATION_COMMENTS = YES;
				CLANG_WARN_EMPTY_BODY = YES;
				CLANG_WARN_ENUM_CONVERSION = YES;
				CLANG_WARN_INFINITE_RECURSION = YES;
				CLANG_WARN_INT_CONVERSION = YES;
				CLANG_WARN_NON_LITERAL_NULL_CONVERSION = YES;
				CLANG_WARN_OBJC_IMPLICIT_RETAIN_SELF = YES;
				CLANG_WARN_OBJC_LITERAL_CONVERSION = YES;
				CLANG_WARN_OBJC_ROOT_CLASS = YES_ERROR;
				CLANG_WARN_QUOTED_INCLUDE_IN_FRAMEWORK_HEADER = YES;
				CLANG_WARN_RANGE_LOOP_ANALYSIS = YES;
				CLANG_WARN_STRICT_PROTOTYPES = YES;
				CLANG_WARN_SUSPICIOUS_MOVE = YES;
				CLANG_WARN_UNGUARDED_AVAILABILITY = YES_AGGRESSIVE;
				CLANG_WARN_UNREACHABLE_CODE = YES;
				CLANG_WARN__DUPLICATE_METHOD_MATCH = YES;
				COPY_PHASE_STRIP = NO;
				DEBUG_INFORMATION_FORMAT = dwarf;
				ENABLE_STRICT_OBJC_MSGSEND = YES;
				ENABLE_TESTABILITY = YES;
				GCC_C_LANGUAGE_STANDARD = gnu11;
				GCC_DYNAMIC_NO_PIC = NO;
				GCC_NO_COMMON_BLOCKS = YES;
				GCC_OPTIMIZATION_LEVEL = 0;
				GCC_PREPROCESSOR_DEFINITIONS = (
					"DEBUG=1",
					"$(inherited)",
				);
				GCC_WARN_64_TO_32_BIT_CONVERSION = YES;
				GCC_WARN_ABOUT_RETURN_TYPE = YES_ERROR;
				GCC_WARN_UNDECLARED_SELECTOR = YES;
				GCC_WARN_UNINITIALIZED_AUTOS = YES_AGGRESSIVE;
				GCC_WARN_UNUSED_FUNCTION = YES;
				GCC_WARN_UNUSED_VARIABLE = YES;
				IPHONEOS_DEPLOYMENT_TARGET = 16.1;
				MTL_ENABLE_DEBUG_INFO = INCLUDE_SOURCE;
				MTL_FAST_MATH = YES;
				ONLY_ACTIVE_ARCH = YES;
				SDKROOT = iphoneos;
				SWIFT_ACTIVE_COMPILATION_CONDITIONS = DEBUG;
				SWIFT_OPTIMIZATION_LEVEL = "-Onone";
			};
			name = Debug;
		};
		5E11A37E2978286E00C32076 /* Release */ = {
			isa = XCBuildConfiguration;
			buildSettings = {
				ALWAYS_SEARCH_USER_PATHS = NO;
				CLANG_ANALYZER_NONNULL = YES;
				CLANG_ANALYZER_NUMBER_OBJECT_CONVERSION = YES_AGGRESSIVE;
				CLANG_CXX_LANGUAGE_STANDARD = "gnu++20";
				CLANG_ENABLE_MODULES = YES;
				CLANG_ENABLE_OBJC_ARC = YES;
				CLANG_ENABLE_OBJC_WEAK = YES;
				CLANG_WARN_BLOCK_CAPTURE_AUTORELEASING = YES;
				CLANG_WARN_BOOL_CONVERSION = YES;
				CLANG_WARN_COMMA = YES;
				CLANG_WARN_CONSTANT_CONVERSION = YES;
				CLANG_WARN_DEPRECATED_OBJC_IMPLEMENTATIONS = YES;
				CLANG_WARN_DIRECT_OBJC_ISA_USAGE = YES_ERROR;
				CLANG_WARN_DOCUMENTATION_COMMENTS = YES;
				CLANG_WARN_EMPTY_BODY = YES;
				CLANG_WARN_ENUM_CONVERSION = YES;
				CLANG_WARN_INFINITE_RECURSION = YES;
				CLANG_WARN_INT_CONVERSION = YES;
				CLANG_WARN_NON_LITERAL_NULL_CONVERSION = YES;
				CLANG_WARN_OBJC_IMPLICIT_RETAIN_SELF = YES;
				CLANG_WARN_OBJC_LITERAL_CONVERSION = YES;
				CLANG_WARN_OBJC_ROOT_CLASS = YES_ERROR;
				CLANG_WARN_QUOTED_INCLUDE_IN_FRAMEWORK_HEADER = YES;
				CLANG_WARN_RANGE_LOOP_ANALYSIS = YES;
				CLANG_WARN_STRICT_PROTOTYPES = YES;
				CLANG_WARN_SUSPICIOUS_MOVE = YES;
				CLANG_WARN_UNGUARDED_AVAILABILITY = YES_AGGRESSIVE;
				CLANG_WARN_UNREACHABLE_CODE = YES;
				CLANG_WARN__DUPLICATE_METHOD_MATCH = YES;
				COPY_PHASE_STRIP = NO;
				DEBUG_INFORMATION_FORMAT = "dwarf-with-dsym";
				ENABLE_NS_ASSERTIONS = NO;
				ENABLE_STRICT_OBJC_MSGSEND = YES;
				GCC_C_LANGUAGE_STANDARD = gnu11;
				GCC_NO_COMMON_BLOCKS = YES;
				GCC_WARN_64_TO_32_BIT_CONVERSION = YES;
				GCC_WARN_ABOUT_RETURN_TYPE = YES_ERROR;
				GCC_WARN_UNDECLARED_SELECTOR = YES;
				GCC_WARN_UNINITIALIZED_AUTOS = YES_AGGRESSIVE;
				GCC_WARN_UNUSED_FUNCTION = YES;
				GCC_WARN_UNUSED_VARIABLE = YES;
				IPHONEOS_DEPLOYMENT_TARGET = 16.1;
				MTL_ENABLE_DEBUG_INFO = NO;
				MTL_FAST_MATH = YES;
				SDKROOT = iphoneos;
				SWIFT_COMPILATION_MODE = wholemodule;
				SWIFT_OPTIMIZATION_LEVEL = "-O";
				VALIDATE_PRODUCT = YES;
			};
			name = Release;
		};
		5E11A3802978286E00C32076 /* Debug */ = {
			isa = XCBuildConfiguration;
			buildSettings = {
				ASSETCATALOG_COMPILER_APPICON_NAME = AppIcon;
				ASSETCATALOG_COMPILER_GLOBAL_ACCENT_COLOR_NAME = AccentColor;
				CODE_SIGN_STYLE = Automatic;
				CURRENT_PROJECT_VERSION = 1;
				DEVELOPMENT_TEAM = 2M3TQRZMPP;
				GENERATE_INFOPLIST_FILE = YES;
				INFOPLIST_FILE = "Recipe-App/Info.plist";
				INFOPLIST_KEY_UIApplicationSupportsIndirectInputEvents = YES;
				INFOPLIST_KEY_UILaunchStoryboardName = LaunchScreen;
				INFOPLIST_KEY_UIMainStoryboardFile = Main;
				INFOPLIST_KEY_UISupportedInterfaceOrientations_iPad = "UIInterfaceOrientationPortrait UIInterfaceOrientationPortraitUpsideDown UIInterfaceOrientationLandscapeLeft UIInterfaceOrientationLandscapeRight";
				INFOPLIST_KEY_UISupportedInterfaceOrientations_iPhone = "UIInterfaceOrientationPortrait UIInterfaceOrientationLandscapeLeft UIInterfaceOrientationLandscapeRight";
				LD_RUNPATH_SEARCH_PATHS = (
					"$(inherited)",
					"@executable_path/Frameworks",
				);
				MARKETING_VERSION = 1.0;
				PRODUCT_BUNDLE_IDENTIFIER = "kkkkkkkkkk.Recipe-App";
				PRODUCT_NAME = "$(TARGET_NAME)";
				SWIFT_EMIT_LOC_STRINGS = YES;
				SWIFT_VERSION = 5.0;
				TARGETED_DEVICE_FAMILY = "1,2";
			};
			name = Debug;
		};
		5E11A3812978286E00C32076 /* Release */ = {
			isa = XCBuildConfiguration;
			buildSettings = {
				ASSETCATALOG_COMPILER_APPICON_NAME = AppIcon;
				ASSETCATALOG_COMPILER_GLOBAL_ACCENT_COLOR_NAME = AccentColor;
				CODE_SIGN_STYLE = Automatic;
				CURRENT_PROJECT_VERSION = 1;
				DEVELOPMENT_TEAM = 2M3TQRZMPP;
				GENERATE_INFOPLIST_FILE = YES;
				INFOPLIST_FILE = "Recipe-App/Info.plist";
				INFOPLIST_KEY_UIApplicationSupportsIndirectInputEvents = YES;
				INFOPLIST_KEY_UILaunchStoryboardName = LaunchScreen;
				INFOPLIST_KEY_UIMainStoryboardFile = Main;
				INFOPLIST_KEY_UISupportedInterfaceOrientations_iPad = "UIInterfaceOrientationPortrait UIInterfaceOrientationPortraitUpsideDown UIInterfaceOrientationLandscapeLeft UIInterfaceOrientationLandscapeRight";
				INFOPLIST_KEY_UISupportedInterfaceOrientations_iPhone = "UIInterfaceOrientationPortrait UIInterfaceOrientationLandscapeLeft UIInterfaceOrientationLandscapeRight";
				LD_RUNPATH_SEARCH_PATHS = (
					"$(inherited)",
					"@executable_path/Frameworks",
				);
				MARKETING_VERSION = 1.0;
				PRODUCT_BUNDLE_IDENTIFIER = "kkkkkkkkkk.Recipe-App";
				PRODUCT_NAME = "$(TARGET_NAME)";
				SWIFT_EMIT_LOC_STRINGS = YES;
				SWIFT_VERSION = 5.0;
				TARGETED_DEVICE_FAMILY = "1,2";
			};
			name = Release;
		};
/* End XCBuildConfiguration section */

/* Begin XCConfigurationList section */
		5E11A3632978286E00C32076 /* Build configuration list for PBXProject "Recipe-App" */ = {
			isa = XCConfigurationList;
			buildConfigurations = (
				5E11A37D2978286E00C32076 /* Debug */,
				5E11A37E2978286E00C32076 /* Release */,
			);
			defaultConfigurationIsVisible = 0;
			defaultConfigurationName = Release;
		};
		5E11A37F2978286E00C32076 /* Build configuration list for PBXNativeTarget "Recipe-App" */ = {
			isa = XCConfigurationList;
			buildConfigurations = (
				5E11A3802978286E00C32076 /* Debug */,
				5E11A3812978286E00C32076 /* Release */,
			);
			defaultConfigurationIsVisible = 0;
			defaultConfigurationName = Release;
		};
/* End XCConfigurationList section */

/* Begin XCVersionGroup section */
		5E11A3742978286E00C32076 /* Recipe_App.xcdatamodeld */ = {
			isa = XCVersionGroup;
			children = (
				5E11A3752978286E00C32076 /* Recipe_App.xcdatamodel */,
			);
			currentVersion = 5E11A3752978286E00C32076 /* Recipe_App.xcdatamodel */;
			path = Recipe_App.xcdatamodeld;
			sourceTree = "<group>";
			versionGroupType = wrapper.xcdatamodel;
		};
/* End XCVersionGroup section */
	};
	rootObject = 5E11A3602978286E00C32076 /* Project object */;
}
