// !$*UTF8*$!
{
	archiveVersion = 1;
	classes = {
	};
	objectVersion = 56;
	objects = {

/* Begin PBXBuildFile section */
		5E494C7A2950983A007A5321 /* AppDelegate.swift in Sources */ = {isa = PBXBuildFile; fileRef = 5E494C792950983A007A5321 /* AppDelegate.swift */; };
		5E494C7C2950983A007A5321 /* SceneDelegate.swift in Sources */ = {isa = PBXBuildFile; fileRef = 5E494C7B2950983A007A5321 /* SceneDelegate.swift */; };
		5E494C812950983A007A5321 /* Main.storyboard in Resources */ = {isa = PBXBuildFile; fileRef = 5E494C7F2950983A007A5321 /* Main.storyboard */; };
		5E494C842950983A007A5321 /* Recipes_App.xcdatamodeld in Sources */ = {isa = PBXBuildFile; fileRef = 5E494C822950983A007A5321 /* Recipes_App.xcdatamodeld */; };
		5E494C862950983B007A5321 /* Assets.xcassets in Resources */ = {isa = PBXBuildFile; fileRef = 5E494C852950983B007A5321 /* Assets.xcassets */; };
		5E494C892950983B007A5321 /* LaunchScreen.storyboard in Resources */ = {isa = PBXBuildFile; fileRef = 5E494C872950983B007A5321 /* LaunchScreen.storyboard */; };
		5E494C942950983B007A5321 /* Recipes_AppTests.swift in Sources */ = {isa = PBXBuildFile; fileRef = 5E494C932950983B007A5321 /* Recipes_AppTests.swift */; };
		5E494C9E2950983B007A5321 /* Recipes_AppUITests.swift in Sources */ = {isa = PBXBuildFile; fileRef = 5E494C9D2950983B007A5321 /* Recipes_AppUITests.swift */; };
		5E494CA02950983B007A5321 /* Recipes_AppUITestsLaunchTests.swift in Sources */ = {isa = PBXBuildFile; fileRef = 5E494C9F2950983B007A5321 /* Recipes_AppUITestsLaunchTests.swift */; };
		5E494CAE295098B6007A5321 /* IngredientsTableViewController.swift in Sources */ = {isa = PBXBuildFile; fileRef = 5E494CAD295098B6007A5321 /* IngredientsTableViewController.swift */; };
		5E494CB0295098BE007A5321 /* FavoriteTableViewController.swift in Sources */ = {isa = PBXBuildFile; fileRef = 5E494CAF295098BE007A5321 /* FavoriteTableViewController.swift */; };
		5E494CB3295098D1007A5321 /* Ingredients.swift in Sources */ = {isa = PBXBuildFile; fileRef = 5E494CB2295098D1007A5321 /* Ingredients.swift */; };
		5E494CB5295098FA007A5321 /* DataLoad.swift in Sources */ = {isa = PBXBuildFile; fileRef = 5E494CB4295098FA007A5321 /* DataLoad.swift */; };
		5E494CBB2950B3E6007A5321 /* IngredientsTableViewCell.swift in Sources */ = {isa = PBXBuildFile; fileRef = 5E494CBA2950B3E6007A5321 /* IngredientsTableViewCell.swift */; };
		5E8CCECA2951E091002F4746 /* Recipes.swift in Sources */ = {isa = PBXBuildFile; fileRef = 5E8CCEC92951E091002F4746 /* Recipes.swift */; };
		5E8CCECC2951F3E2002F4746 /* ingredients.json in Resources */ = {isa = PBXBuildFile; fileRef = 5E8CCECB2951F3E2002F4746 /* ingredients.json */; };
/* End PBXBuildFile section */

/* Begin PBXContainerItemProxy section */
		5E494C902950983B007A5321 /* PBXContainerItemProxy */ = {
			isa = PBXContainerItemProxy;
			containerPortal = 5E494C6E2950983A007A5321 /* Project object */;
			proxyType = 1;
			remoteGlobalIDString = 5E494C752950983A007A5321;
			remoteInfo = "Recipes-App";
		};
		5E494C9A2950983B007A5321 /* PBXContainerItemProxy */ = {
			isa = PBXContainerItemProxy;
			containerPortal = 5E494C6E2950983A007A5321 /* Project object */;
			proxyType = 1;
			remoteGlobalIDString = 5E494C752950983A007A5321;
			remoteInfo = "Recipes-App";
		};
/* End PBXContainerItemProxy section */

/* Begin PBXFileReference section */
		5E494C762950983A007A5321 /* Recipes-App.app */ = {isa = PBXFileReference; explicitFileType = wrapper.application; includeInIndex = 0; path = "Recipes-App.app"; sourceTree = BUILT_PRODUCTS_DIR; };
		5E494C792950983A007A5321 /* AppDelegate.swift */ = {isa = PBXFileReference; lastKnownFileType = sourcecode.swift; path = AppDelegate.swift; sourceTree = "<group>"; };
		5E494C7B2950983A007A5321 /* SceneDelegate.swift */ = {isa = PBXFileReference; lastKnownFileType = sourcecode.swift; path = SceneDelegate.swift; sourceTree = "<group>"; };
		5E494C802950983A007A5321 /* Base */ = {isa = PBXFileReference; lastKnownFileType = file.storyboard; name = Base; path = Base.lproj/Main.storyboard; sourceTree = "<group>"; };
		5E494C832950983A007A5321 /* Recipes_App.xcdatamodel */ = {isa = PBXFileReference; lastKnownFileType = wrapper.xcdatamodel; path = Recipes_App.xcdatamodel; sourceTree = "<group>"; };
		5E494C852950983B007A5321 /* Assets.xcassets */ = {isa = PBXFileReference; lastKnownFileType = folder.assetcatalog; path = Assets.xcassets; sourceTree = "<group>"; };
		5E494C882950983B007A5321 /* Base */ = {isa = PBXFileReference; lastKnownFileType = file.storyboard; name = Base; path = Base.lproj/LaunchScreen.storyboard; sourceTree = "<group>"; };
		5E494C8A2950983B007A5321 /* Info.plist */ = {isa = PBXFileReference; lastKnownFileType = text.plist.xml; path = Info.plist; sourceTree = "<group>"; };
		5E494C8F2950983B007A5321 /* Recipes-AppTests.xctest */ = {isa = PBXFileReference; explicitFileType = wrapper.cfbundle; includeInIndex = 0; path = "Recipes-AppTests.xctest"; sourceTree = BUILT_PRODUCTS_DIR; };
		5E494C932950983B007A5321 /* Recipes_AppTests.swift */ = {isa = PBXFileReference; lastKnownFileType = sourcecode.swift; path = Recipes_AppTests.swift; sourceTree = "<group>"; };
		5E494C992950983B007A5321 /* Recipes-AppUITests.xctest */ = {isa = PBXFileReference; explicitFileType = wrapper.cfbundle; includeInIndex = 0; path = "Recipes-AppUITests.xctest"; sourceTree = BUILT_PRODUCTS_DIR; };
		5E494C9D2950983B007A5321 /* Recipes_AppUITests.swift */ = {isa = PBXFileReference; lastKnownFileType = sourcecode.swift; path = Recipes_AppUITests.swift; sourceTree = "<group>"; };
		5E494C9F2950983B007A5321 /* Recipes_AppUITestsLaunchTests.swift */ = {isa = PBXFileReference; lastKnownFileType = sourcecode.swift; path = Recipes_AppUITestsLaunchTests.swift; sourceTree = "<group>"; };
		5E494CAD295098B6007A5321 /* IngredientsTableViewController.swift */ = {isa = PBXFileReference; lastKnownFileType = sourcecode.swift; path = IngredientsTableViewController.swift; sourceTree = "<group>"; };
		5E494CAF295098BE007A5321 /* FavoriteTableViewController.swift */ = {isa = PBXFileReference; lastKnownFileType = sourcecode.swift; path = FavoriteTableViewController.swift; sourceTree = "<group>"; };
		5E494CB2295098D1007A5321 /* Ingredients.swift */ = {isa = PBXFileReference; lastKnownFileType = sourcecode.swift; path = Ingredients.swift; sourceTree = "<group>"; };
		5E494CB4295098FA007A5321 /* DataLoad.swift */ = {isa = PBXFileReference; lastKnownFileType = sourcecode.swift; path = DataLoad.swift; sourceTree = "<group>"; };
		5E494CBA2950B3E6007A5321 /* IngredientsTableViewCell.swift */ = {isa = PBXFileReference; lastKnownFileType = sourcecode.swift; path = IngredientsTableViewCell.swift; sourceTree = "<group>"; };
		5E8CCEC92951E091002F4746 /* Recipes.swift */ = {isa = PBXFileReference; lastKnownFileType = sourcecode.swift; path = Recipes.swift; sourceTree = "<group>"; };
		5E8CCECB2951F3E2002F4746 /* ingredients.json */ = {isa = PBXFileReference; fileEncoding = 4; lastKnownFileType = text.json; name = ingredients.json; path = ../../../../../Desktop/ingredients.json; sourceTree = "<group>"; };
/* End PBXFileReference section */

/* Begin PBXFrameworksBuildPhase section */
		5E494C732950983A007A5321 /* Frameworks */ = {
			isa = PBXFrameworksBuildPhase;
			buildActionMask = 2147483647;
			files = (
			);
			runOnlyForDeploymentPostprocessing = 0;
		};
		5E494C8C2950983B007A5321 /* Frameworks */ = {
			isa = PBXFrameworksBuildPhase;
			buildActionMask = 2147483647;
			files = (
			);
			runOnlyForDeploymentPostprocessing = 0;
		};
		5E494C962950983B007A5321 /* Frameworks */ = {
			isa = PBXFrameworksBuildPhase;
			buildActionMask = 2147483647;
			files = (
			);
			runOnlyForDeploymentPostprocessing = 0;
		};
/* End PBXFrameworksBuildPhase section */

/* Begin PBXGroup section */
		5E494C6D2950983A007A5321 = {
			isa = PBXGroup;
			children = (
				5E494C782950983A007A5321 /* Recipes-App */,
				5E494C922950983B007A5321 /* Recipes-AppTests */,
				5E494C9C2950983B007A5321 /* Recipes-AppUITests */,
				5E494C772950983A007A5321 /* Products */,
			);
			sourceTree = "<group>";
		};
		5E494C772950983A007A5321 /* Products */ = {
			isa = PBXGroup;
			children = (
				5E494C762950983A007A5321 /* Recipes-App.app */,
				5E494C8F2950983B007A5321 /* Recipes-AppTests.xctest */,
				5E494C992950983B007A5321 /* Recipes-AppUITests.xctest */,
			);
			name = Products;
			sourceTree = "<group>";
		};
		5E494C782950983A007A5321 /* Recipes-App */ = {
			isa = PBXGroup;
			children = (
				5E494C792950983A007A5321 /* AppDelegate.swift */,
				5E494C7B2950983A007A5321 /* SceneDelegate.swift */,
				5E494CB92950B3BC007A5321 /* Cells */,
				5E494CAC295098A4007A5321 /* ViewControllers */,
				5E494C7F2950983A007A5321 /* Main.storyboard */,
				5E494CB1295098C3007A5321 /* Models */,
				5E494CB4295098FA007A5321 /* DataLoad.swift */,
				5E494C852950983B007A5321 /* Assets.xcassets */,
				5E8CCECB2951F3E2002F4746 /* ingredients.json */,
				5E494C872950983B007A5321 /* LaunchScreen.storyboard */,
				5E494C8A2950983B007A5321 /* Info.plist */,
				5E494C822950983A007A5321 /* Recipes_App.xcdatamodeld */,
			);
			path = "Recipes-App";
			sourceTree = "<group>";
		};
		5E494C922950983B007A5321 /* Recipes-AppTests */ = {
			isa = PBXGroup;
			children = (
				5E494C932950983B007A5321 /* Recipes_AppTests.swift */,
			);
			path = "Recipes-AppTests";
			sourceTree = "<group>";
		};
		5E494C9C2950983B007A5321 /* Recipes-AppUITests */ = {
			isa = PBXGroup;
			children = (
				5E494C9D2950983B007A5321 /* Recipes_AppUITests.swift */,
				5E494C9F2950983B007A5321 /* Recipes_AppUITestsLaunchTests.swift */,
			);
			path = "Recipes-AppUITests";
			sourceTree = "<group>";
		};
		5E494CAC295098A4007A5321 /* ViewControllers */ = {
			isa = PBXGroup;
			children = (
				5E494CAD295098B6007A5321 /* IngredientsTableViewController.swift */,
				5E494CAF295098BE007A5321 /* FavoriteTableViewController.swift */,
			);
			path = ViewControllers;
			sourceTree = "<group>";
		};
		5E494CB1295098C3007A5321 /* Models */ = {
			isa = PBXGroup;
			children = (
				5E494CB2295098D1007A5321 /* Ingredients.swift */,
				5E8CCEC92951E091002F4746 /* Recipes.swift */,
			);
			path = Models;
			sourceTree = "<group>";
		};
		5E494CB92950B3BC007A5321 /* Cells */ = {
			isa = PBXGroup;
			children = (
				5E494CBA2950B3E6007A5321 /* IngredientsTableViewCell.swift */,
			);
			path = Cells;
			sourceTree = "<group>";
		};
/* End PBXGroup section */

/* Begin PBXNativeTarget section */
		5E494C752950983A007A5321 /* Recipes-App */ = {
			isa = PBXNativeTarget;
			buildConfigurationList = 5E494CA32950983B007A5321 /* Build configuration list for PBXNativeTarget "Recipes-App" */;
			buildPhases = (
				5E494C722950983A007A5321 /* Sources */,
				5E494C732950983A007A5321 /* Frameworks */,
				5E494C742950983A007A5321 /* Resources */,
			);
			buildRules = (
			);
			dependencies = (
			);
			name = "Recipes-App";
			productName = "Recipes-App";
			productReference = 5E494C762950983A007A5321 /* Recipes-App.app */;
			productType = "com.apple.product-type.application";
		};
		5E494C8E2950983B007A5321 /* Recipes-AppTests */ = {
			isa = PBXNativeTarget;
			buildConfigurationList = 5E494CA62950983B007A5321 /* Build configuration list for PBXNativeTarget "Recipes-AppTests" */;
			buildPhases = (
				5E494C8B2950983B007A5321 /* Sources */,
				5E494C8C2950983B007A5321 /* Frameworks */,
				5E494C8D2950983B007A5321 /* Resources */,
			);
			buildRules = (
			);
			dependencies = (
				5E494C912950983B007A5321 /* PBXTargetDependency */,
			);
			name = "Recipes-AppTests";
			productName = "Recipes-AppTests";
			productReference = 5E494C8F2950983B007A5321 /* Recipes-AppTests.xctest */;
			productType = "com.apple.product-type.bundle.unit-test";
		};
		5E494C982950983B007A5321 /* Recipes-AppUITests */ = {
			isa = PBXNativeTarget;
			buildConfigurationList = 5E494CA92950983B007A5321 /* Build configuration list for PBXNativeTarget "Recipes-AppUITests" */;
			buildPhases = (
				5E494C952950983B007A5321 /* Sources */,
				5E494C962950983B007A5321 /* Frameworks */,
				5E494C972950983B007A5321 /* Resources */,
			);
			buildRules = (
			);
			dependencies = (
				5E494C9B2950983B007A5321 /* PBXTargetDependency */,
			);
			name = "Recipes-AppUITests";
			productName = "Recipes-AppUITests";
			productReference = 5E494C992950983B007A5321 /* Recipes-AppUITests.xctest */;
			productType = "com.apple.product-type.bundle.ui-testing";
		};
/* End PBXNativeTarget section */

/* Begin PBXProject section */
		5E494C6E2950983A007A5321 /* Project object */ = {
			isa = PBXProject;
			attributes = {
				BuildIndependentTargetsInParallel = 1;
				LastSwiftUpdateCheck = 1410;
				LastUpgradeCheck = 1410;
				TargetAttributes = {
					5E494C752950983A007A5321 = {
						CreatedOnToolsVersion = 14.1;
					};
					5E494C8E2950983B007A5321 = {
						CreatedOnToolsVersion = 14.1;
						TestTargetID = 5E494C752950983A007A5321;
					};
					5E494C982950983B007A5321 = {
						CreatedOnToolsVersion = 14.1;
						TestTargetID = 5E494C752950983A007A5321;
					};
				};
			};
			buildConfigurationList = 5E494C712950983A007A5321 /* Build configuration list for PBXProject "Recipes-App" */;
			compatibilityVersion = "Xcode 14.0";
			developmentRegion = en;
			hasScannedForEncodings = 0;
			knownRegions = (
				en,
				Base,
			);
			mainGroup = 5E494C6D2950983A007A5321;
			productRefGroup = 5E494C772950983A007A5321 /* Products */;
			projectDirPath = "";
			projectRoot = "";
			targets = (
				5E494C752950983A007A5321 /* Recipes-App */,
				5E494C8E2950983B007A5321 /* Recipes-AppTests */,
				5E494C982950983B007A5321 /* Recipes-AppUITests */,
			);
		};
/* End PBXProject section */

/* Begin PBXResourcesBuildPhase section */
		5E494C742950983A007A5321 /* Resources */ = {
			isa = PBXResourcesBuildPhase;
			buildActionMask = 2147483647;
			files = (
				5E494C892950983B007A5321 /* LaunchScreen.storyboard in Resources */,
				5E494C862950983B007A5321 /* Assets.xcassets in Resources */,
				5E8CCECC2951F3E2002F4746 /* ingredients.json in Resources */,
				5E494C812950983A007A5321 /* Main.storyboard in Resources */,
			);
			runOnlyForDeploymentPostprocessing = 0;
		};
		5E494C8D2950983B007A5321 /* Resources */ = {
			isa = PBXResourcesBuildPhase;
			buildActionMask = 2147483647;
			files = (
			);
			runOnlyForDeploymentPostprocessing = 0;
		};
		5E494C972950983B007A5321 /* Resources */ = {
			isa = PBXResourcesBuildPhase;
			buildActionMask = 2147483647;
			files = (
			);
			runOnlyForDeploymentPostprocessing = 0;
		};
/* End PBXResourcesBuildPhase section */

/* Begin PBXSourcesBuildPhase section */
		5E494C722950983A007A5321 /* Sources */ = {
			isa = PBXSourcesBuildPhase;
			buildActionMask = 2147483647;
			files = (
				5E494CBB2950B3E6007A5321 /* IngredientsTableViewCell.swift in Sources */,
				5E494CB5295098FA007A5321 /* DataLoad.swift in Sources */,
				5E494CB0295098BE007A5321 /* FavoriteTableViewController.swift in Sources */,
				5E494C7A2950983A007A5321 /* AppDelegate.swift in Sources */,
				5E494C7C2950983A007A5321 /* SceneDelegate.swift in Sources */,
				5E494CAE295098B6007A5321 /* IngredientsTableViewController.swift in Sources */,
				5E494CB3295098D1007A5321 /* Ingredients.swift in Sources */,
				5E8CCECA2951E091002F4746 /* Recipes.swift in Sources */,
				5E494C842950983A007A5321 /* Recipes_App.xcdatamodeld in Sources */,
			);
			runOnlyForDeploymentPostprocessing = 0;
		};
		5E494C8B2950983B007A5321 /* Sources */ = {
			isa = PBXSourcesBuildPhase;
			buildActionMask = 2147483647;
			files = (
				5E494C942950983B007A5321 /* Recipes_AppTests.swift in Sources */,
			);
			runOnlyForDeploymentPostprocessing = 0;
		};
		5E494C952950983B007A5321 /* Sources */ = {
			isa = PBXSourcesBuildPhase;
			buildActionMask = 2147483647;
			files = (
				5E494CA02950983B007A5321 /* Recipes_AppUITestsLaunchTests.swift in Sources */,
				5E494C9E2950983B007A5321 /* Recipes_AppUITests.swift in Sources */,
			);
			runOnlyForDeploymentPostprocessing = 0;
		};
/* End PBXSourcesBuildPhase section */

/* Begin PBXTargetDependency section */
		5E494C912950983B007A5321 /* PBXTargetDependency */ = {
			isa = PBXTargetDependency;
			target = 5E494C752950983A007A5321 /* Recipes-App */;
			targetProxy = 5E494C902950983B007A5321 /* PBXContainerItemProxy */;
		};
		5E494C9B2950983B007A5321 /* PBXTargetDependency */ = {
			isa = PBXTargetDependency;
			target = 5E494C752950983A007A5321 /* Recipes-App */;
			targetProxy = 5E494C9A2950983B007A5321 /* PBXContainerItemProxy */;
		};
/* End PBXTargetDependency section */

/* Begin PBXVariantGroup section */
		5E494C7F2950983A007A5321 /* Main.storyboard */ = {
			isa = PBXVariantGroup;
			children = (
				5E494C802950983A007A5321 /* Base */,
			);
			name = Main.storyboard;
			sourceTree = "<group>";
		};
		5E494C872950983B007A5321 /* LaunchScreen.storyboard */ = {
			isa = PBXVariantGroup;
			children = (
				5E494C882950983B007A5321 /* Base */,
			);
			name = LaunchScreen.storyboard;
			sourceTree = "<group>";
		};
/* End PBXVariantGroup section */

/* Begin XCBuildConfiguration section */
		5E494CA12950983B007A5321 /* Debug */ = {
			isa = XCBuildConfiguration;
			buildSettings = {
				ALWAYS_SEARCH_USER_PATHS = NO;
				CLANG_ANALYZER_NONNULL = YES;
				CLANG_ANALYZER_NUMBER_OBJECT_CONVERSION = YES_AGGRESSIVE;
				CLANG_CXX_LANGUAGE_STANDARD = "gnu++20";
				CLANG_ENABLE_MODULES = YES;
				CLANG_ENABLE_OBJC_ARC = YES;
				CLANG_ENABLE_OBJC_WEAK = YES;
				CLANG_WARN_BLOCK_CAPTURE_AUTORELEASING = YES;
				CLANG_WARN_BOOL_CONVERSION = YES;
				CLANG_WARN_COMMA = YES;
				CLANG_WARN_CONSTANT_CONVERSION = YES;
				CLANG_WARN_DEPRECATED_OBJC_IMPLEMENTATIONS = YES;
				CLANG_WARN_DIRECT_OBJC_ISA_USAGE = YES_ERROR;
				CLANG_WARN_DOCUMENTATION_COMMENTS = YES;
				CLANG_WARN_EMPTY_BODY = YES;
				CLANG_WARN_ENUM_CONVERSION = YES;
				CLANG_WARN_INFINITE_RECURSION = YES;
				CLANG_WARN_INT_CONVERSION = YES;
				CLANG_WARN_NON_LITERAL_NULL_CONVERSION = YES;
				CLANG_WARN_OBJC_IMPLICIT_RETAIN_SELF = YES;
				CLANG_WARN_OBJC_LITERAL_CONVERSION = YES;
				CLANG_WARN_OBJC_ROOT_CLASS = YES_ERROR;
				CLANG_WARN_QUOTED_INCLUDE_IN_FRAMEWORK_HEADER = YES;
				CLANG_WARN_RANGE_LOOP_ANALYSIS = YES;
				CLANG_WARN_STRICT_PROTOTYPES = YES;
				CLANG_WARN_SUSPICIOUS_MOVE = YES;
				CLANG_WARN_UNGUARDED_AVAILABILITY = YES_AGGRESSIVE;
				CLANG_WARN_UNREACHABLE_CODE = YES;
				CLANG_WARN__DUPLICATE_METHOD_MATCH = YES;
				COPY_PHASE_STRIP = NO;
				DEBUG_INFORMATION_FORMAT = dwarf;
				ENABLE_STRICT_OBJC_MSGSEND = YES;
				ENABLE_TESTABILITY = YES;
				GCC_C_LANGUAGE_STANDARD = gnu11;
				GCC_DYNAMIC_NO_PIC = NO;
				GCC_NO_COMMON_BLOCKS = YES;
				GCC_OPTIMIZATION_LEVEL = 0;
				GCC_PREPROCESSOR_DEFINITIONS = (
					"DEBUG=1",
					"$(inherited)",
				);
				GCC_WARN_64_TO_32_BIT_CONVERSION = YES;
				GCC_WARN_ABOUT_RETURN_TYPE = YES_ERROR;
				GCC_WARN_UNDECLARED_SELECTOR = YES;
				GCC_WARN_UNINITIALIZED_AUTOS = YES_AGGRESSIVE;
				GCC_WARN_UNUSED_FUNCTION = YES;
				GCC_WARN_UNUSED_VARIABLE = YES;
				IPHONEOS_DEPLOYMENT_TARGET = 16.1;
				MTL_ENABLE_DEBUG_INFO = INCLUDE_SOURCE;
				MTL_FAST_MATH = YES;
				ONLY_ACTIVE_ARCH = YES;
				SDKROOT = iphoneos;
				SWIFT_ACTIVE_COMPILATION_CONDITIONS = DEBUG;
				SWIFT_OPTIMIZATION_LEVEL = "-Onone";
			};
			name = Debug;
		};
		5E494CA22950983B007A5321 /* Release */ = {
			isa = XCBuildConfiguration;
			buildSettings = {
				ALWAYS_SEARCH_USER_PATHS = NO;
				CLANG_ANALYZER_NONNULL = YES;
				CLANG_ANALYZER_NUMBER_OBJECT_CONVERSION = YES_AGGRESSIVE;
				CLANG_CXX_LANGUAGE_STANDARD = "gnu++20";
				CLANG_ENABLE_MODULES = YES;
				CLANG_ENABLE_OBJC_ARC = YES;
				CLANG_ENABLE_OBJC_WEAK = YES;
				CLANG_WARN_BLOCK_CAPTURE_AUTORELEASING = YES;
				CLANG_WARN_BOOL_CONVERSION = YES;
				CLANG_WARN_COMMA = YES;
				CLANG_WARN_CONSTANT_CONVERSION = YES;
				CLANG_WARN_DEPRECATED_OBJC_IMPLEMENTATIONS = YES;
				CLANG_WARN_DIRECT_OBJC_ISA_USAGE = YES_ERROR;
				CLANG_WARN_DOCUMENTATION_COMMENTS = YES;
				CLANG_WARN_EMPTY_BODY = YES;
				CLANG_WARN_ENUM_CONVERSION = YES;
				CLANG_WARN_INFINITE_RECURSION = YES;
				CLANG_WARN_INT_CONVERSION = YES;
				CLANG_WARN_NON_LITERAL_NULL_CONVERSION = YES;
				CLANG_WARN_OBJC_IMPLICIT_RETAIN_SELF = YES;
				CLANG_WARN_OBJC_LITERAL_CONVERSION = YES;
				CLANG_WARN_OBJC_ROOT_CLASS = YES_ERROR;
				CLANG_WARN_QUOTED_INCLUDE_IN_FRAMEWORK_HEADER = YES;
				CLANG_WARN_RANGE_LOOP_ANALYSIS = YES;
				CLANG_WARN_STRICT_PROTOTYPES = YES;
				CLANG_WARN_SUSPICIOUS_MOVE = YES;
				CLANG_WARN_UNGUARDED_AVAILABILITY = YES_AGGRESSIVE;
				CLANG_WARN_UNREACHABLE_CODE = YES;
				CLANG_WARN__DUPLICATE_METHOD_MATCH = YES;
				COPY_PHASE_STRIP = NO;
				DEBUG_INFORMATION_FORMAT = "dwarf-with-dsym";
				ENABLE_NS_ASSERTIONS = NO;
				ENABLE_STRICT_OBJC_MSGSEND = YES;
				GCC_C_LANGUAGE_STANDARD = gnu11;
				GCC_NO_COMMON_BLOCKS = YES;
				GCC_WARN_64_TO_32_BIT_CONVERSION = YES;
				GCC_WARN_ABOUT_RETURN_TYPE = YES_ERROR;
				GCC_WARN_UNDECLARED_SELECTOR = YES;
				GCC_WARN_UNINITIALIZED_AUTOS = YES_AGGRESSIVE;
				GCC_WARN_UNUSED_FUNCTION = YES;
				GCC_WARN_UNUSED_VARIABLE = YES;
				IPHONEOS_DEPLOYMENT_TARGET = 16.1;
				MTL_ENABLE_DEBUG_INFO = NO;
				MTL_FAST_MATH = YES;
				SDKROOT = iphoneos;
				SWIFT_COMPILATION_MODE = wholemodule;
				SWIFT_OPTIMIZATION_LEVEL = "-O";
				VALIDATE_PRODUCT = YES;
			};
			name = Release;
		};
		5E494CA42950983B007A5321 /* Debug */ = {
			isa = XCBuildConfiguration;
			buildSettings = {
				ASSETCATALOG_COMPILER_APPICON_NAME = AppIcon;
				ASSETCATALOG_COMPILER_GLOBAL_ACCENT_COLOR_NAME = AccentColor;
				CODE_SIGN_STYLE = Automatic;
				CURRENT_PROJECT_VERSION = 1;
				DEVELOPMENT_TEAM = 2M3TQRZMPP;
				GENERATE_INFOPLIST_FILE = YES;
				INFOPLIST_FILE = "Recipes-App/Info.plist";
				INFOPLIST_KEY_UIApplicationSupportsIndirectInputEvents = YES;
				INFOPLIST_KEY_UILaunchStoryboardName = LaunchScreen;
				INFOPLIST_KEY_UIMainStoryboardFile = Main;
				INFOPLIST_KEY_UISupportedInterfaceOrientations_iPad = "UIInterfaceOrientationPortrait UIInterfaceOrientationPortraitUpsideDown UIInterfaceOrientationLandscapeLeft UIInterfaceOrientationLandscapeRight";
				INFOPLIST_KEY_UISupportedInterfaceOrientations_iPhone = "UIInterfaceOrientationPortrait UIInterfaceOrientationLandscapeLeft UIInterfaceOrientationLandscapeRight";
				LD_RUNPATH_SEARCH_PATHS = (
					"$(inherited)",
					"@executable_path/Frameworks",
				);
				MARKETING_VERSION = 1.0;
				PRODUCT_BUNDLE_IDENTIFIER = "kkkkkkkkkk.Recipes-App";
				PRODUCT_NAME = "$(TARGET_NAME)";
				SWIFT_EMIT_LOC_STRINGS = YES;
				SWIFT_VERSION = 5.0;
				TARGETED_DEVICE_FAMILY = "1,2";
			};
			name = Debug;
		};
		5E494CA52950983B007A5321 /* Release */ = {
			isa = XCBuildConfiguration;
			buildSettings = {
				ASSETCATALOG_COMPILER_APPICON_NAME = AppIcon;
				ASSETCATALOG_COMPILER_GLOBAL_ACCENT_COLOR_NAME = AccentColor;
				CODE_SIGN_STYLE = Automatic;
				CURRENT_PROJECT_VERSION = 1;
				DEVELOPMENT_TEAM = 2M3TQRZMPP;
				GENERATE_INFOPLIST_FILE = YES;
				INFOPLIST_FILE = "Recipes-App/Info.plist";
				INFOPLIST_KEY_UIApplicationSupportsIndirectInputEvents = YES;
				INFOPLIST_KEY_UILaunchStoryboardName = LaunchScreen;
				INFOPLIST_KEY_UIMainStoryboardFile = Main;
				INFOPLIST_KEY_UISupportedInterfaceOrientations_iPad = "UIInterfaceOrientationPortrait UIInterfaceOrientationPortraitUpsideDown UIInterfaceOrientationLandscapeLeft UIInterfaceOrientationLandscapeRight";
				INFOPLIST_KEY_UISupportedInterfaceOrientations_iPhone = "UIInterfaceOrientationPortrait UIInterfaceOrientationLandscapeLeft UIInterfaceOrientationLandscapeRight";
				LD_RUNPATH_SEARCH_PATHS = (
					"$(inherited)",
					"@executable_path/Frameworks",
				);
				MARKETING_VERSION = 1.0;
				PRODUCT_BUNDLE_IDENTIFIER = "kkkkkkkkkk.Recipes-App";
				PRODUCT_NAME = "$(TARGET_NAME)";
				SWIFT_EMIT_LOC_STRINGS = YES;
				SWIFT_VERSION = 5.0;
				TARGETED_DEVICE_FAMILY = "1,2";
			};
			name = Release;
		};
		5E494CA72950983B007A5321 /* Debug */ = {
			isa = XCBuildConfiguration;
			buildSettings = {
				ALWAYS_EMBED_SWIFT_STANDARD_LIBRARIES = YES;
				BUNDLE_LOADER = "$(TEST_HOST)";
				CODE_SIGN_STYLE = Automatic;
				CURRENT_PROJECT_VERSION = 1;
				DEVELOPMENT_TEAM = 2M3TQRZMPP;
				GENERATE_INFOPLIST_FILE = YES;
				IPHONEOS_DEPLOYMENT_TARGET = 16.1;
				MARKETING_VERSION = 1.0;
				PRODUCT_BUNDLE_IDENTIFIER = "kkkkkkkkkk.Recipes-AppTests";
				PRODUCT_NAME = "$(TARGET_NAME)";
				SWIFT_EMIT_LOC_STRINGS = NO;
				SWIFT_VERSION = 5.0;
				TARGETED_DEVICE_FAMILY = "1,2";
				TEST_HOST = "$(BUILT_PRODUCTS_DIR)/Recipes-App.app/$(BUNDLE_EXECUTABLE_FOLDER_PATH)/Recipes-App";
			};
			name = Debug;
		};
		5E494CA82950983B007A5321 /* Release */ = {
			isa = XCBuildConfiguration;
			buildSettings = {
				ALWAYS_EMBED_SWIFT_STANDARD_LIBRARIES = YES;
				BUNDLE_LOADER = "$(TEST_HOST)";
				CODE_SIGN_STYLE = Automatic;
				CURRENT_PROJECT_VERSION = 1;
				DEVELOPMENT_TEAM = 2M3TQRZMPP;
				GENERATE_INFOPLIST_FILE = YES;
				IPHONEOS_DEPLOYMENT_TARGET = 16.1;
				MARKETING_VERSION = 1.0;
				PRODUCT_BUNDLE_IDENTIFIER = "kkkkkkkkkk.Recipes-AppTests";
				PRODUCT_NAME = "$(TARGET_NAME)";
				SWIFT_EMIT_LOC_STRINGS = NO;
				SWIFT_VERSION = 5.0;
				TARGETED_DEVICE_FAMILY = "1,2";
				TEST_HOST = "$(BUILT_PRODUCTS_DIR)/Recipes-App.app/$(BUNDLE_EXECUTABLE_FOLDER_PATH)/Recipes-App";
			};
			name = Release;
		};
		5E494CAA2950983B007A5321 /* Debug */ = {
			isa = XCBuildConfiguration;
			buildSettings = {
				ALWAYS_EMBED_SWIFT_STANDARD_LIBRARIES = YES;
				CODE_SIGN_STYLE = Automatic;
				CURRENT_PROJECT_VERSION = 1;
				DEVELOPMENT_TEAM = 2M3TQRZMPP;
				GENERATE_INFOPLIST_FILE = YES;
				MARKETING_VERSION = 1.0;
				PRODUCT_BUNDLE_IDENTIFIER = "kkkkkkkkkk.Recipes-AppUITests";
				PRODUCT_NAME = "$(TARGET_NAME)";
				SWIFT_EMIT_LOC_STRINGS = NO;
				SWIFT_VERSION = 5.0;
				TARGETED_DEVICE_FAMILY = "1,2";
				TEST_TARGET_NAME = "Recipes-App";
			};
			name = Debug;
		};
		5E494CAB2950983B007A5321 /* Release */ = {
			isa = XCBuildConfiguration;
			buildSettings = {
				ALWAYS_EMBED_SWIFT_STANDARD_LIBRARIES = YES;
				CODE_SIGN_STYLE = Automatic;
				CURRENT_PROJECT_VERSION = 1;
				DEVELOPMENT_TEAM = 2M3TQRZMPP;
				GENERATE_INFOPLIST_FILE = YES;
				MARKETING_VERSION = 1.0;
				PRODUCT_BUNDLE_IDENTIFIER = "kkkkkkkkkk.Recipes-AppUITests";
				PRODUCT_NAME = "$(TARGET_NAME)";
				SWIFT_EMIT_LOC_STRINGS = NO;
				SWIFT_VERSION = 5.0;
				TARGETED_DEVICE_FAMILY = "1,2";
				TEST_TARGET_NAME = "Recipes-App";
			};
			name = Release;
		};
/* End XCBuildConfiguration section */

/* Begin XCConfigurationList section */
		5E494C712950983A007A5321 /* Build configuration list for PBXProject "Recipes-App" */ = {
			isa = XCConfigurationList;
			buildConfigurations = (
				5E494CA12950983B007A5321 /* Debug */,
				5E494CA22950983B007A5321 /* Release */,
			);
			defaultConfigurationIsVisible = 0;
			defaultConfigurationName = Release;
		};
		5E494CA32950983B007A5321 /* Build configuration list for PBXNativeTarget "Recipes-App" */ = {
			isa = XCConfigurationList;
			buildConfigurations = (
				5E494CA42950983B007A5321 /* Debug */,
				5E494CA52950983B007A5321 /* Release */,
			);
			defaultConfigurationIsVisible = 0;
			defaultConfigurationName = Release;
		};
		5E494CA62950983B007A5321 /* Build configuration list for PBXNativeTarget "Recipes-AppTests" */ = {
			isa = XCConfigurationList;
			buildConfigurations = (
				5E494CA72950983B007A5321 /* Debug */,
				5E494CA82950983B007A5321 /* Release */,
			);
			defaultConfigurationIsVisible = 0;
			defaultConfigurationName = Release;
		};
		5E494CA92950983B007A5321 /* Build configuration list for PBXNativeTarget "Recipes-AppUITests" */ = {
			isa = XCConfigurationList;
			buildConfigurations = (
				5E494CAA2950983B007A5321 /* Debug */,
				5E494CAB2950983B007A5321 /* Release */,
			);
			defaultConfigurationIsVisible = 0;
			defaultConfigurationName = Release;
		};
/* End XCConfigurationList section */

/* Begin XCVersionGroup section */
		5E494C822950983A007A5321 /* Recipes_App.xcdatamodeld */ = {
			isa = XCVersionGroup;
			children = (
				5E494C832950983A007A5321 /* Recipes_App.xcdatamodel */,
			);
			currentVersion = 5E494C832950983A007A5321 /* Recipes_App.xcdatamodel */;
			path = Recipes_App.xcdatamodeld;
			sourceTree = "<group>";
			versionGroupType = wrapper.xcdatamodel;
		};
/* End XCVersionGroup section */
	};
	rootObject = 5E494C6E2950983A007A5321 /* Project object */;
}
